
Microsoft Visual Studio Solution File, Format Version 12.00
# Visual Studio Version 17
VisualStudioVersion = 17.10.35122.118
MinimumVisualStudioVersion = 10.0.40219.1
Project("{FAE04EC0-301F-11D3-BF4B-00C04F79EFBC}") = "EmployeeManagementApi", "EmployeeManagementApi\EmployeeManagementApi.csproj", "{436F9989-62C7-49DE-BB2E-C9BB753E8835}"
EndProject
Global
	GlobalSection(SolutionConfigurationPlatforms) = preSolution
		Debug|Any CPU = Debug|Any CPU
		Release|Any CPU = Release|Any CPU
	EndGlobalSection
	GlobalSection(ProjectConfigurationPlatforms) = postSolution
		{436F9989-62C7-49DE-BB2E-C9BB753E8835}.Debug|Any CPU.ActiveCfg = Debug|Any CPU
		{436F9989-62C7-49DE-BB2E-C9BB753E8835}.Debug|Any CPU.Build.0 = Debug|Any CPU
		{436F9989-62C7-49DE-BB2E-C9BB753E8835}.Release|Any CPU.ActiveCfg = Release|Any CPU
		{436F9989-62C7-49DE-BB2E-C9BB753E8835}.Release|Any CPU.Build.0 = Release|Any CPU
	EndGlobalSection
	GlobalSection(SolutionProperties) = preSolution
		HideSolutionNode = FALSE
	EndGlobalSection
	GlobalSection(ExtensibilityGlobals) = postSolution
		SolutionGuid = {2F826EF5-4419-481F-831A-9A379CE2F718}
	EndGlobalSection
EndGlobal
